
Microsoft Visual Studio Solution File, Format Version 11.00
# Visual Studio 2010
Project("{FAE04EC0-301F-11D3-BF4B-00C04F79EFBC}") = "Assembly-CSharp", "Assembly-CSharp.csproj", "{3eea95a3-d5fd-d156-545c-8271dd864878}"
EndProject
Project("{FAE04EC0-301F-11D3-BF4B-00C04F79EFBC}") = "Assembly-CSharp-Editor", "Assembly-CSharp-Editor.csproj", "{64cf9310-e716-3037-df3a-60fec1accfc7}"
EndProject
Global
	GlobalSection(SolutionConfigurationPlatforms) = preSolution
		Debug|Any CPU = Debug|Any CPU
	EndGlobalSection
	GlobalSection(ProjectConfigurationPlatforms) = postSolution
		{3eea95a3-d5fd-d156-545c-8271dd864878}.Debug|Any CPU.ActiveCfg = Debug|Any CPU
		{3eea95a3-d5fd-d156-545c-8271dd864878}.Debug|Any CPU.Build.0 = Debug|Any CPU
		{64cf9310-e716-3037-df3a-60fec1accfc7}.Debug|Any CPU.ActiveCfg = Debug|Any CPU
		{64cf9310-e716-3037-df3a-60fec1accfc7}.Debug|Any CPU.Build.0 = Debug|Any CPU
	EndGlobalSection
	GlobalSection(SolutionProperties) = preSolution
		HideSolutionNode = FALSE
	EndGlobalSection
EndGlobal
